
Microsoft Visual Studio Solution File, Format Version 12.00
# Visual Studio Version 16
VisualStudioVersion = 16.0.31911.196
MinimumVisualStudioVersion = 10.0.40219.1
Project("{9A19103F-16F7-4668-BE54-9A1E7A4F7556}") = "DBDemo", "DBDemo\DBDemo.csproj", "{49617576-14C0-47ED-B5BA-0D1D1C4DE37E}"
EndProject
Project("{9A19103F-16F7-4668-BE54-9A1E7A4F7556}") = "Diablo", "..\Diablo\Diablo\Diablo.csproj", "{6A6435FA-2007-4177-AA70-90EDEEE4E2A7}"
EndProject
Global
	GlobalSection(SolutionConfigurationPlatforms) = preSolution
		Debug|Any CPU = Debug|Any CPU
		Release|Any CPU = Release|Any CPU
	EndGlobalSection
	GlobalSection(ProjectConfigurationPlatforms) = postSolution
		{49617576-14C0-47ED-B5BA-0D1D1C4DE37E}.Debug|Any CPU.ActiveCfg = Debug|Any CPU
		{49617576-14C0-47ED-B5BA-0D1D1C4DE37E}.Debug|Any CPU.Build.0 = Debug|Any CPU
		{49617576-14C0-47ED-B5BA-0D1D1C4DE37E}.Release|Any CPU.ActiveCfg = Release|Any CPU
		{49617576-14C0-47ED-B5BA-0D1D1C4DE37E}.Release|Any CPU.Build.0 = Release|Any CPU
		{6A6435FA-2007-4177-AA70-90EDEEE4E2A7}.Debug|Any CPU.ActiveCfg = Debug|Any CPU
		{6A6435FA-2007-4177-AA70-90EDEEE4E2A7}.Debug|Any CPU.Build.0 = Debug|Any CPU
		{6A6435FA-2007-4177-AA70-90EDEEE4E2A7}.Release|Any CPU.ActiveCfg = Release|Any CPU
		{6A6435FA-2007-4177-AA70-90EDEEE4E2A7}.Release|Any CPU.Build.0 = Release|Any CPU
	EndGlobalSection
	GlobalSection(SolutionProperties) = preSolution
		HideSolutionNode = FALSE
	EndGlobalSection
	GlobalSection(ExtensibilityGlobals) = postSolution
		SolutionGuid = {492BEB1E-01C4-4D6F-A9D0-5BFA5B46A608}
	EndGlobalSection
EndGlobal
