
Microsoft Visual Studio Solution File, Format Version 12.00
# Visual Studio Version 16
VisualStudioVersion = 16.0.31624.102
MinimumVisualStudioVersion = 10.0.40219.1
Project("{9A19103F-16F7-4668-BE54-9A1E7A4F7556}") = "Moneti", "Moneti\Moneti.csproj", "{1E366482-E7EE-4A85-9B51-6DEF2ED580C2}"
EndProject
Project("{9A19103F-16F7-4668-BE54-9A1E7A4F7556}") = "Moneti 2.0", "Moneti 2.0\Moneti 2.0.csproj", "{1145C5F5-A499-471F-A8B8-B0D1F2A3FD24}"
EndProject
Project("{9A19103F-16F7-4668-BE54-9A1E7A4F7556}") = "Moneti 3.0", "Moneti 3.0\Moneti 3.0.csproj", "{8E6F9561-3054-4756-9CD0-8BD91FE40526}"
EndProject
Project("{9A19103F-16F7-4668-BE54-9A1E7A4F7556}") = "ConsoleApp1", "ConsoleApp1\ConsoleApp1.csproj", "{9351B44C-A950-40CB-A884-1C8829DB433C}"
EndProject
Project("{9A19103F-16F7-4668-BE54-9A1E7A4F7556}") = "ConsoleApp2", "ConsoleApp2\ConsoleApp2.csproj", "{67930824-BA66-4527-B19E-13243C6F07BA}"
EndProject
Project("{9A19103F-16F7-4668-BE54-9A1E7A4F7556}") = "TyreJugler", "TyreJugler\TyreJugler.csproj", "{BCD18819-8C2E-4D10-9B3B-BBA808AB5741}"
EndProject
Project("{9A19103F-16F7-4668-BE54-9A1E7A4F7556}") = "Structura", "Structura\Structura.csproj", "{A6273D04-CD84-4CE4-9B99-9A6F64389F15}"
EndProject
Project("{9A19103F-16F7-4668-BE54-9A1E7A4F7556}") = "Methods And Constructors", "Methods And Constructors\Methods And Constructors.csproj", "{7FA82D70-A8AE-42F1-8B10-F535D95AE69A}"
EndProject
Project("{9A19103F-16F7-4668-BE54-9A1E7A4F7556}") = "ElektronenDnevnik", "ElektronenDnevnik\ElektronenDnevnik.csproj", "{12DF2610-D462-476F-B222-B44B4257E127}"
EndProject
Project("{9A19103F-16F7-4668-BE54-9A1E7A4F7556}") = "Konstruktori_Na_klasove", "Konstruktori_Na_klasove\Konstruktori_Na_klasove.csproj", "{A162D673-AE03-4D5B-8C2A-95F13A84471F}"
EndProject
Project("{9A19103F-16F7-4668-BE54-9A1E7A4F7556}") = "Stack And Heep", "Stack And Heep\Stack And Heep.csproj", "{92787F45-5213-46AA-9C15-47C5D5E9403D}"
EndProject
Project("{9A19103F-16F7-4668-BE54-9A1E7A4F7556}") = "EnumerationsDemo", "EnumerationsDemo\EnumerationsDemo.csproj", "{741E2833-6A2A-4F56-95F4-19E508E4B1FE}"
EndProject
Project("{9A19103F-16F7-4668-BE54-9A1E7A4F7556}") = "Examples", "Examples\Examples.csproj", "{D2613267-A5FB-4CF2-A46F-454DDEB22641}"
EndProject
Project("{9A19103F-16F7-4668-BE54-9A1E7A4F7556}") = "Inheritance", "Inheritance\Inheritance.csproj", "{A3A2018D-7626-4FCE-9487-3946ADAA7373}"
EndProject
Project("{FAE04EC0-301F-11D3-BF4B-00C04F79EFBC}") = "RPG", "RPG\RPG.csproj", "{0A4094BB-AB4F-406C-9860-64ABED8D60FC}"
EndProject
Global
	GlobalSection(SolutionConfigurationPlatforms) = preSolution
		Debug|Any CPU = Debug|Any CPU
		Release|Any CPU = Release|Any CPU
	EndGlobalSection
	GlobalSection(ProjectConfigurationPlatforms) = postSolution
		{1E366482-E7EE-4A85-9B51-6DEF2ED580C2}.Debug|Any CPU.ActiveCfg = Debug|Any CPU
		{1E366482-E7EE-4A85-9B51-6DEF2ED580C2}.Debug|Any CPU.Build.0 = Debug|Any CPU
		{1E366482-E7EE-4A85-9B51-6DEF2ED580C2}.Release|Any CPU.ActiveCfg = Release|Any CPU
		{1E366482-E7EE-4A85-9B51-6DEF2ED580C2}.Release|Any CPU.Build.0 = Release|Any CPU
		{1145C5F5-A499-471F-A8B8-B0D1F2A3FD24}.Debug|Any CPU.ActiveCfg = Debug|Any CPU
		{1145C5F5-A499-471F-A8B8-B0D1F2A3FD24}.Debug|Any CPU.Build.0 = Debug|Any CPU
		{1145C5F5-A499-471F-A8B8-B0D1F2A3FD24}.Release|Any CPU.ActiveCfg = Release|Any CPU
		{1145C5F5-A499-471F-A8B8-B0D1F2A3FD24}.Release|Any CPU.Build.0 = Release|Any CPU
		{8E6F9561-3054-4756-9CD0-8BD91FE40526}.Debug|Any CPU.ActiveCfg = Debug|Any CPU
		{8E6F9561-3054-4756-9CD0-8BD91FE40526}.Debug|Any CPU.Build.0 = Debug|Any CPU
		{8E6F9561-3054-4756-9CD0-8BD91FE40526}.Release|Any CPU.ActiveCfg = Release|Any CPU
		{8E6F9561-3054-4756-9CD0-8BD91FE40526}.Release|Any CPU.Build.0 = Release|Any CPU
		{9351B44C-A950-40CB-A884-1C8829DB433C}.Debug|Any CPU.ActiveCfg = Debug|Any CPU
		{9351B44C-A950-40CB-A884-1C8829DB433C}.Debug|Any CPU.Build.0 = Debug|Any CPU
		{9351B44C-A950-40CB-A884-1C8829DB433C}.Release|Any CPU.ActiveCfg = Release|Any CPU
		{9351B44C-A950-40CB-A884-1C8829DB433C}.Release|Any CPU.Build.0 = Release|Any CPU
		{67930824-BA66-4527-B19E-13243C6F07BA}.Debug|Any CPU.ActiveCfg = Debug|Any CPU
		{67930824-BA66-4527-B19E-13243C6F07BA}.Debug|Any CPU.Build.0 = Debug|Any CPU
		{67930824-BA66-4527-B19E-13243C6F07BA}.Release|Any CPU.ActiveCfg = Release|Any CPU
		{67930824-BA66-4527-B19E-13243C6F07BA}.Release|Any CPU.Build.0 = Release|Any CPU
		{BCD18819-8C2E-4D10-9B3B-BBA808AB5741}.Debug|Any CPU.ActiveCfg = Debug|Any CPU
		{BCD18819-8C2E-4D10-9B3B-BBA808AB5741}.Debug|Any CPU.Build.0 = Debug|Any CPU
		{BCD18819-8C2E-4D10-9B3B-BBA808AB5741}.Release|Any CPU.ActiveCfg = Release|Any CPU
		{BCD18819-8C2E-4D10-9B3B-BBA808AB5741}.Release|Any CPU.Build.0 = Release|Any CPU
		{A6273D04-CD84-4CE4-9B99-9A6F64389F15}.Debug|Any CPU.ActiveCfg = Debug|Any CPU
		{A6273D04-CD84-4CE4-9B99-9A6F64389F15}.Debug|Any CPU.Build.0 = Debug|Any CPU
		{A6273D04-CD84-4CE4-9B99-9A6F64389F15}.Release|Any CPU.ActiveCfg = Release|Any CPU
		{A6273D04-CD84-4CE4-9B99-9A6F64389F15}.Release|Any CPU.Build.0 = Release|Any CPU
		{7FA82D70-A8AE-42F1-8B10-F535D95AE69A}.Debug|Any CPU.ActiveCfg = Debug|Any CPU
		{7FA82D70-A8AE-42F1-8B10-F535D95AE69A}.Debug|Any CPU.Build.0 = Debug|Any CPU
		{7FA82D70-A8AE-42F1-8B10-F535D95AE69A}.Release|Any CPU.ActiveCfg = Release|Any CPU
		{7FA82D70-A8AE-42F1-8B10-F535D95AE69A}.Release|Any CPU.Build.0 = Release|Any CPU
		{12DF2610-D462-476F-B222-B44B4257E127}.Debug|Any CPU.ActiveCfg = Debug|Any CPU
		{12DF2610-D462-476F-B222-B44B4257E127}.Debug|Any CPU.Build.0 = Debug|Any CPU
		{12DF2610-D462-476F-B222-B44B4257E127}.Release|Any CPU.ActiveCfg = Release|Any CPU
		{12DF2610-D462-476F-B222-B44B4257E127}.Release|Any CPU.Build.0 = Release|Any CPU
		{A162D673-AE03-4D5B-8C2A-95F13A84471F}.Debug|Any CPU.ActiveCfg = Debug|Any CPU
		{A162D673-AE03-4D5B-8C2A-95F13A84471F}.Debug|Any CPU.Build.0 = Debug|Any CPU
		{A162D673-AE03-4D5B-8C2A-95F13A84471F}.Release|Any CPU.ActiveCfg = Release|Any CPU
		{A162D673-AE03-4D5B-8C2A-95F13A84471F}.Release|Any CPU.Build.0 = Release|Any CPU
		{92787F45-5213-46AA-9C15-47C5D5E9403D}.Debug|Any CPU.ActiveCfg = Debug|Any CPU
		{92787F45-5213-46AA-9C15-47C5D5E9403D}.Debug|Any CPU.Build.0 = Debug|Any CPU
		{92787F45-5213-46AA-9C15-47C5D5E9403D}.Release|Any CPU.ActiveCfg = Release|Any CPU
		{92787F45-5213-46AA-9C15-47C5D5E9403D}.Release|Any CPU.Build.0 = Release|Any CPU
		{741E2833-6A2A-4F56-95F4-19E508E4B1FE}.Debug|Any CPU.ActiveCfg = Debug|Any CPU
		{741E2833-6A2A-4F56-95F4-19E508E4B1FE}.Debug|Any CPU.Build.0 = Debug|Any CPU
		{741E2833-6A2A-4F56-95F4-19E508E4B1FE}.Release|Any CPU.ActiveCfg = Release|Any CPU
		{741E2833-6A2A-4F56-95F4-19E508E4B1FE}.Release|Any CPU.Build.0 = Release|Any CPU
		{D2613267-A5FB-4CF2-A46F-454DDEB22641}.Debug|Any CPU.ActiveCfg = Debug|Any CPU
		{D2613267-A5FB-4CF2-A46F-454DDEB22641}.Debug|Any CPU.Build.0 = Debug|Any CPU
		{D2613267-A5FB-4CF2-A46F-454DDEB22641}.Release|Any CPU.ActiveCfg = Release|Any CPU
		{D2613267-A5FB-4CF2-A46F-454DDEB22641}.Release|Any CPU.Build.0 = Release|Any CPU
		{A3A2018D-7626-4FCE-9487-3946ADAA7373}.Debug|Any CPU.ActiveCfg = Debug|Any CPU
		{A3A2018D-7626-4FCE-9487-3946ADAA7373}.Debug|Any CPU.Build.0 = Debug|Any CPU
		{A3A2018D-7626-4FCE-9487-3946ADAA7373}.Release|Any CPU.ActiveCfg = Release|Any CPU
		{A3A2018D-7626-4FCE-9487-3946ADAA7373}.Release|Any CPU.Build.0 = Release|Any CPU
		{0A4094BB-AB4F-406C-9860-64ABED8D60FC}.Debug|Any CPU.ActiveCfg = Debug|Any CPU
		{0A4094BB-AB4F-406C-9860-64ABED8D60FC}.Debug|Any CPU.Build.0 = Debug|Any CPU
		{0A4094BB-AB4F-406C-9860-64ABED8D60FC}.Release|Any CPU.ActiveCfg = Release|Any CPU
		{0A4094BB-AB4F-406C-9860-64ABED8D60FC}.Release|Any CPU.Build.0 = Release|Any CPU
	EndGlobalSection
	GlobalSection(SolutionProperties) = preSolution
		HideSolutionNode = FALSE
	EndGlobalSection
	GlobalSection(ExtensibilityGlobals) = postSolution
		SolutionGuid = {9383D78D-DFE8-4735-80C8-1E43F9751F78}
	EndGlobalSection
EndGlobal
