
Microsoft Visual Studio Solution File, Format Version 12.00
# Visual Studio Version 17
VisualStudioVersion = 17.1.32210.238
MinimumVisualStudioVersion = 10.0.40219.1
Project("{9A19103F-16F7-4668-BE54-9A1E7A4F7556}") = "Moneti", "Moneti\Moneti.csproj", "{1E366482-E7EE-4A85-9B51-6DEF2ED580C2}"
EndProject
Project("{9A19103F-16F7-4668-BE54-9A1E7A4F7556}") = "Moneti 2.0", "Moneti 2.0\Moneti 2.0.csproj", "{1145C5F5-A499-471F-A8B8-B0D1F2A3FD24}"
EndProject
Project("{9A19103F-16F7-4668-BE54-9A1E7A4F7556}") = "Moneti 3.0", "Moneti 3.0\Moneti 3.0.csproj", "{8E6F9561-3054-4756-9CD0-8BD91FE40526}"
EndProject
Project("{9A19103F-16F7-4668-BE54-9A1E7A4F7556}") = "ConsoleApp1", "ConsoleApp1\ConsoleApp1.csproj", "{9351B44C-A950-40CB-A884-1C8829DB433C}"
EndProject
Project("{9A19103F-16F7-4668-BE54-9A1E7A4F7556}") = "ConsoleApp2", "ConsoleApp2\ConsoleApp2.csproj", "{67930824-BA66-4527-B19E-13243C6F07BA}"
EndProject
Project("{9A19103F-16F7-4668-BE54-9A1E7A4F7556}") = "TyreJugler", "TyreJugler\TyreJugler.csproj", "{BCD18819-8C2E-4D10-9B3B-BBA808AB5741}"
EndProject
Project("{9A19103F-16F7-4668-BE54-9A1E7A4F7556}") = "Structura", "Structura\Structura.csproj", "{A6273D04-CD84-4CE4-9B99-9A6F64389F15}"
EndProject
Project("{9A19103F-16F7-4668-BE54-9A1E7A4F7556}") = "Methods And Constructors", "Methods And Constructors\Methods And Constructors.csproj", "{7FA82D70-A8AE-42F1-8B10-F535D95AE69A}"
EndProject
Project("{9A19103F-16F7-4668-BE54-9A1E7A4F7556}") = "ElektronenDnevnik", "ElektronenDnevnik\ElektronenDnevnik.csproj", "{12DF2610-D462-476F-B222-B44B4257E127}"
EndProject
Project("{9A19103F-16F7-4668-BE54-9A1E7A4F7556}") = "Konstruktori_Na_klasove", "Konstruktori_Na_klasove\Konstruktori_Na_klasove.csproj", "{A162D673-AE03-4D5B-8C2A-95F13A84471F}"
EndProject
Project("{9A19103F-16F7-4668-BE54-9A1E7A4F7556}") = "Stack And Heep", "Stack And Heep\Stack And Heep.csproj", "{92787F45-5213-46AA-9C15-47C5D5E9403D}"
EndProject
Project("{9A19103F-16F7-4668-BE54-9A1E7A4F7556}") = "EnumerationsDemo", "EnumerationsDemo\EnumerationsDemo.csproj", "{741E2833-6A2A-4F56-95F4-19E508E4B1FE}"
EndProject
Project("{9A19103F-16F7-4668-BE54-9A1E7A4F7556}") = "Examples", "Examples\Examples.csproj", "{D2613267-A5FB-4CF2-A46F-454DDEB22641}"
EndProject
Project("{9A19103F-16F7-4668-BE54-9A1E7A4F7556}") = "Inheritance", "Inheritance\Inheritance.csproj", "{A3A2018D-7626-4FCE-9487-3946ADAA7373}"
EndProject
Project("{9A19103F-16F7-4668-BE54-9A1E7A4F7556}") = "RPG", "RPG\RPG.csproj", "{0A4094BB-AB4F-406C-9860-64ABED8D60FC}"
EndProject
Project("{9A19103F-16F7-4668-BE54-9A1E7A4F7556}") = "InterFaceDemo", "InterFaceDemo\InterFaceDemo.csproj", "{B697FF82-2506-44FC-A130-406DE02A71A8}"
EndProject
Project("{9A19103F-16F7-4668-BE54-9A1E7A4F7556}") = "Greshki", "Greshki\Greshki.csproj", "{EE3D2DB8-A561-49B3-B48B-0332B031A61E}"
EndProject
Project("{9A19103F-16F7-4668-BE54-9A1E7A4F7556}") = "RegexDemo", "RegexDemo\RegexDemo.csproj", "{4B80F67C-53ED-4F9E-9A3E-F24BAFFF4BAF}"
EndProject
Project("{9A19103F-16F7-4668-BE54-9A1E7A4F7556}") = "RegexDemoNamedGroups", "RegexDemoNamedGroups\RegexDemoNamedGroups.csproj", "{D6658E07-D915-4D30-B86F-CC7C76392772}"
EndProject
Project("{9A19103F-16F7-4668-BE54-9A1E7A4F7556}") = "ExtensionsDemo", "ExtensionsDemo\ExtensionsDemo.csproj", "{5580A6E4-93AF-40B5-9E16-21E97F9A17BB}"
EndProject
Project("{9A19103F-16F7-4668-BE54-9A1E7A4F7556}") = "Compartors", "Compartors\Compartors.csproj", "{BF897E7A-97D9-4733-9242-F7E6334A487E}"
EndProject
Project("{9A19103F-16F7-4668-BE54-9A1E7A4F7556}") = "GenericsDemo", "GenericsDemo\GenericsDemo.csproj", "{1CFD8DB3-CAB2-44DF-99BF-3C86E8BEAAF6}"
EndProject
Project("{9A19103F-16F7-4668-BE54-9A1E7A4F7556}") = "AnimalKingdom", "AnimalKingdom\AnimalKingdom.csproj", "{7EF3B1F2-F58A-43D8-9103-AF8CC9588594}"
EndProject
Project("{9A19103F-16F7-4668-BE54-9A1E7A4F7556}") = "Linq_Demo", "Linq_Demo\Linq_Demo.csproj", "{00B8F9BE-1328-48E1-8BBA-7067D30306EA}"
EndProject
Project("{9A19103F-16F7-4668-BE54-9A1E7A4F7556}") = "AnonymousDemo", "AnonymousDemo\AnonymousDemo.csproj", "{C29CD1A4-78E7-47A7-BC6E-914FD7AA9AED}"
EndProject
Project("{9A19103F-16F7-4668-BE54-9A1E7A4F7556}") = "SafeUnsafeCode", "SafeUnsafeCode\SafeUnsafeCode.csproj", "{1B58324E-3E36-4734-86D5-969C45657B6C}"
EndProject
Global
	GlobalSection(SolutionConfigurationPlatforms) = preSolution
		Debug|Any CPU = Debug|Any CPU
		Release|Any CPU = Release|Any CPU
	EndGlobalSection
	GlobalSection(ProjectConfigurationPlatforms) = postSolution
		{1E366482-E7EE-4A85-9B51-6DEF2ED580C2}.Debug|Any CPU.ActiveCfg = Debug|Any CPU
		{1E366482-E7EE-4A85-9B51-6DEF2ED580C2}.Debug|Any CPU.Build.0 = Debug|Any CPU
		{1E366482-E7EE-4A85-9B51-6DEF2ED580C2}.Release|Any CPU.ActiveCfg = Release|Any CPU
		{1E366482-E7EE-4A85-9B51-6DEF2ED580C2}.Release|Any CPU.Build.0 = Release|Any CPU
		{1145C5F5-A499-471F-A8B8-B0D1F2A3FD24}.Debug|Any CPU.ActiveCfg = Debug|Any CPU
		{1145C5F5-A499-471F-A8B8-B0D1F2A3FD24}.Debug|Any CPU.Build.0 = Debug|Any CPU
		{1145C5F5-A499-471F-A8B8-B0D1F2A3FD24}.Release|Any CPU.ActiveCfg = Release|Any CPU
		{1145C5F5-A499-471F-A8B8-B0D1F2A3FD24}.Release|Any CPU.Build.0 = Release|Any CPU
		{8E6F9561-3054-4756-9CD0-8BD91FE40526}.Debug|Any CPU.ActiveCfg = Debug|Any CPU
		{8E6F9561-3054-4756-9CD0-8BD91FE40526}.Debug|Any CPU.Build.0 = Debug|Any CPU
		{8E6F9561-3054-4756-9CD0-8BD91FE40526}.Release|Any CPU.ActiveCfg = Release|Any CPU
		{8E6F9561-3054-4756-9CD0-8BD91FE40526}.Release|Any CPU.Build.0 = Release|Any CPU
		{9351B44C-A950-40CB-A884-1C8829DB433C}.Debug|Any CPU.ActiveCfg = Debug|Any CPU
		{9351B44C-A950-40CB-A884-1C8829DB433C}.Debug|Any CPU.Build.0 = Debug|Any CPU
		{9351B44C-A950-40CB-A884-1C8829DB433C}.Release|Any CPU.ActiveCfg = Release|Any CPU
		{9351B44C-A950-40CB-A884-1C8829DB433C}.Release|Any CPU.Build.0 = Release|Any CPU
		{67930824-BA66-4527-B19E-13243C6F07BA}.Debug|Any CPU.ActiveCfg = Debug|Any CPU
		{67930824-BA66-4527-B19E-13243C6F07BA}.Debug|Any CPU.Build.0 = Debug|Any CPU
		{67930824-BA66-4527-B19E-13243C6F07BA}.Release|Any CPU.ActiveCfg = Release|Any CPU
		{67930824-BA66-4527-B19E-13243C6F07BA}.Release|Any CPU.Build.0 = Release|Any CPU
		{BCD18819-8C2E-4D10-9B3B-BBA808AB5741}.Debug|Any CPU.ActiveCfg = Debug|Any CPU
		{BCD18819-8C2E-4D10-9B3B-BBA808AB5741}.Debug|Any CPU.Build.0 = Debug|Any CPU
		{BCD18819-8C2E-4D10-9B3B-BBA808AB5741}.Release|Any CPU.ActiveCfg = Release|Any CPU
		{BCD18819-8C2E-4D10-9B3B-BBA808AB5741}.Release|Any CPU.Build.0 = Release|Any CPU
		{A6273D04-CD84-4CE4-9B99-9A6F64389F15}.Debug|Any CPU.ActiveCfg = Debug|Any CPU
		{A6273D04-CD84-4CE4-9B99-9A6F64389F15}.Debug|Any CPU.Build.0 = Debug|Any CPU
		{A6273D04-CD84-4CE4-9B99-9A6F64389F15}.Release|Any CPU.ActiveCfg = Release|Any CPU
		{A6273D04-CD84-4CE4-9B99-9A6F64389F15}.Release|Any CPU.Build.0 = Release|Any CPU
		{7FA82D70-A8AE-42F1-8B10-F535D95AE69A}.Debug|Any CPU.ActiveCfg = Debug|Any CPU
		{7FA82D70-A8AE-42F1-8B10-F535D95AE69A}.Debug|Any CPU.Build.0 = Debug|Any CPU
		{7FA82D70-A8AE-42F1-8B10-F535D95AE69A}.Release|Any CPU.ActiveCfg = Release|Any CPU
		{7FA82D70-A8AE-42F1-8B10-F535D95AE69A}.Release|Any CPU.Build.0 = Release|Any CPU
		{12DF2610-D462-476F-B222-B44B4257E127}.Debug|Any CPU.ActiveCfg = Debug|Any CPU
		{12DF2610-D462-476F-B222-B44B4257E127}.Debug|Any CPU.Build.0 = Debug|Any CPU
		{12DF2610-D462-476F-B222-B44B4257E127}.Release|Any CPU.ActiveCfg = Release|Any CPU
		{12DF2610-D462-476F-B222-B44B4257E127}.Release|Any CPU.Build.0 = Release|Any CPU
		{A162D673-AE03-4D5B-8C2A-95F13A84471F}.Debug|Any CPU.ActiveCfg = Debug|Any CPU
		{A162D673-AE03-4D5B-8C2A-95F13A84471F}.Debug|Any CPU.Build.0 = Debug|Any CPU
		{A162D673-AE03-4D5B-8C2A-95F13A84471F}.Release|Any CPU.ActiveCfg = Release|Any CPU
		{A162D673-AE03-4D5B-8C2A-95F13A84471F}.Release|Any CPU.Build.0 = Release|Any CPU
		{92787F45-5213-46AA-9C15-47C5D5E9403D}.Debug|Any CPU.ActiveCfg = Debug|Any CPU
		{92787F45-5213-46AA-9C15-47C5D5E9403D}.Debug|Any CPU.Build.0 = Debug|Any CPU
		{92787F45-5213-46AA-9C15-47C5D5E9403D}.Release|Any CPU.ActiveCfg = Release|Any CPU
		{92787F45-5213-46AA-9C15-47C5D5E9403D}.Release|Any CPU.Build.0 = Release|Any CPU
		{741E2833-6A2A-4F56-95F4-19E508E4B1FE}.Debug|Any CPU.ActiveCfg = Debug|Any CPU
		{741E2833-6A2A-4F56-95F4-19E508E4B1FE}.Debug|Any CPU.Build.0 = Debug|Any CPU
		{741E2833-6A2A-4F56-95F4-19E508E4B1FE}.Release|Any CPU.ActiveCfg = Release|Any CPU
		{741E2833-6A2A-4F56-95F4-19E508E4B1FE}.Release|Any CPU.Build.0 = Release|Any CPU
		{D2613267-A5FB-4CF2-A46F-454DDEB22641}.Debug|Any CPU.ActiveCfg = Debug|Any CPU
		{D2613267-A5FB-4CF2-A46F-454DDEB22641}.Debug|Any CPU.Build.0 = Debug|Any CPU
		{D2613267-A5FB-4CF2-A46F-454DDEB22641}.Release|Any CPU.ActiveCfg = Release|Any CPU
		{D2613267-A5FB-4CF2-A46F-454DDEB22641}.Release|Any CPU.Build.0 = Release|Any CPU
		{A3A2018D-7626-4FCE-9487-3946ADAA7373}.Debug|Any CPU.ActiveCfg = Debug|Any CPU
		{A3A2018D-7626-4FCE-9487-3946ADAA7373}.Debug|Any CPU.Build.0 = Debug|Any CPU
		{A3A2018D-7626-4FCE-9487-3946ADAA7373}.Release|Any CPU.ActiveCfg = Release|Any CPU
		{A3A2018D-7626-4FCE-9487-3946ADAA7373}.Release|Any CPU.Build.0 = Release|Any CPU
		{0A4094BB-AB4F-406C-9860-64ABED8D60FC}.Debug|Any CPU.ActiveCfg = Debug|Any CPU
		{0A4094BB-AB4F-406C-9860-64ABED8D60FC}.Debug|Any CPU.Build.0 = Debug|Any CPU
		{0A4094BB-AB4F-406C-9860-64ABED8D60FC}.Release|Any CPU.ActiveCfg = Release|Any CPU
		{0A4094BB-AB4F-406C-9860-64ABED8D60FC}.Release|Any CPU.Build.0 = Release|Any CPU
		{B697FF82-2506-44FC-A130-406DE02A71A8}.Debug|Any CPU.ActiveCfg = Debug|Any CPU
		{B697FF82-2506-44FC-A130-406DE02A71A8}.Debug|Any CPU.Build.0 = Debug|Any CPU
		{B697FF82-2506-44FC-A130-406DE02A71A8}.Release|Any CPU.ActiveCfg = Release|Any CPU
		{B697FF82-2506-44FC-A130-406DE02A71A8}.Release|Any CPU.Build.0 = Release|Any CPU
		{EE3D2DB8-A561-49B3-B48B-0332B031A61E}.Debug|Any CPU.ActiveCfg = Debug|Any CPU
		{EE3D2DB8-A561-49B3-B48B-0332B031A61E}.Debug|Any CPU.Build.0 = Debug|Any CPU
		{EE3D2DB8-A561-49B3-B48B-0332B031A61E}.Release|Any CPU.ActiveCfg = Release|Any CPU
		{EE3D2DB8-A561-49B3-B48B-0332B031A61E}.Release|Any CPU.Build.0 = Release|Any CPU
		{4B80F67C-53ED-4F9E-9A3E-F24BAFFF4BAF}.Debug|Any CPU.ActiveCfg = Debug|Any CPU
		{4B80F67C-53ED-4F9E-9A3E-F24BAFFF4BAF}.Debug|Any CPU.Build.0 = Debug|Any CPU
		{4B80F67C-53ED-4F9E-9A3E-F24BAFFF4BAF}.Release|Any CPU.ActiveCfg = Release|Any CPU
		{4B80F67C-53ED-4F9E-9A3E-F24BAFFF4BAF}.Release|Any CPU.Build.0 = Release|Any CPU
		{D6658E07-D915-4D30-B86F-CC7C76392772}.Debug|Any CPU.ActiveCfg = Debug|Any CPU
		{D6658E07-D915-4D30-B86F-CC7C76392772}.Debug|Any CPU.Build.0 = Debug|Any CPU
		{D6658E07-D915-4D30-B86F-CC7C76392772}.Release|Any CPU.ActiveCfg = Release|Any CPU
		{D6658E07-D915-4D30-B86F-CC7C76392772}.Release|Any CPU.Build.0 = Release|Any CPU
		{5580A6E4-93AF-40B5-9E16-21E97F9A17BB}.Debug|Any CPU.ActiveCfg = Debug|Any CPU
		{5580A6E4-93AF-40B5-9E16-21E97F9A17BB}.Debug|Any CPU.Build.0 = Debug|Any CPU
		{5580A6E4-93AF-40B5-9E16-21E97F9A17BB}.Release|Any CPU.ActiveCfg = Release|Any CPU
		{5580A6E4-93AF-40B5-9E16-21E97F9A17BB}.Release|Any CPU.Build.0 = Release|Any CPU
		{BF897E7A-97D9-4733-9242-F7E6334A487E}.Debug|Any CPU.ActiveCfg = Debug|Any CPU
		{BF897E7A-97D9-4733-9242-F7E6334A487E}.Debug|Any CPU.Build.0 = Debug|Any CPU
		{BF897E7A-97D9-4733-9242-F7E6334A487E}.Release|Any CPU.ActiveCfg = Release|Any CPU
		{BF897E7A-97D9-4733-9242-F7E6334A487E}.Release|Any CPU.Build.0 = Release|Any CPU
		{1CFD8DB3-CAB2-44DF-99BF-3C86E8BEAAF6}.Debug|Any CPU.ActiveCfg = Debug|Any CPU
		{1CFD8DB3-CAB2-44DF-99BF-3C86E8BEAAF6}.Debug|Any CPU.Build.0 = Debug|Any CPU
		{1CFD8DB3-CAB2-44DF-99BF-3C86E8BEAAF6}.Release|Any CPU.ActiveCfg = Release|Any CPU
		{1CFD8DB3-CAB2-44DF-99BF-3C86E8BEAAF6}.Release|Any CPU.Build.0 = Release|Any CPU
		{7EF3B1F2-F58A-43D8-9103-AF8CC9588594}.Debug|Any CPU.ActiveCfg = Debug|Any CPU
		{7EF3B1F2-F58A-43D8-9103-AF8CC9588594}.Debug|Any CPU.Build.0 = Debug|Any CPU
		{7EF3B1F2-F58A-43D8-9103-AF8CC9588594}.Release|Any CPU.ActiveCfg = Release|Any CPU
		{7EF3B1F2-F58A-43D8-9103-AF8CC9588594}.Release|Any CPU.Build.0 = Release|Any CPU
		{00B8F9BE-1328-48E1-8BBA-7067D30306EA}.Debug|Any CPU.ActiveCfg = Debug|Any CPU
		{00B8F9BE-1328-48E1-8BBA-7067D30306EA}.Debug|Any CPU.Build.0 = Debug|Any CPU
		{00B8F9BE-1328-48E1-8BBA-7067D30306EA}.Release|Any CPU.ActiveCfg = Release|Any CPU
		{00B8F9BE-1328-48E1-8BBA-7067D30306EA}.Release|Any CPU.Build.0 = Release|Any CPU
		{C29CD1A4-78E7-47A7-BC6E-914FD7AA9AED}.Debug|Any CPU.ActiveCfg = Debug|Any CPU
		{C29CD1A4-78E7-47A7-BC6E-914FD7AA9AED}.Debug|Any CPU.Build.0 = Debug|Any CPU
		{C29CD1A4-78E7-47A7-BC6E-914FD7AA9AED}.Release|Any CPU.ActiveCfg = Release|Any CPU
		{C29CD1A4-78E7-47A7-BC6E-914FD7AA9AED}.Release|Any CPU.Build.0 = Release|Any CPU
		{1B58324E-3E36-4734-86D5-969C45657B6C}.Debug|Any CPU.ActiveCfg = Debug|Any CPU
		{1B58324E-3E36-4734-86D5-969C45657B6C}.Debug|Any CPU.Build.0 = Debug|Any CPU
		{1B58324E-3E36-4734-86D5-969C45657B6C}.Release|Any CPU.ActiveCfg = Release|Any CPU
		{1B58324E-3E36-4734-86D5-969C45657B6C}.Release|Any CPU.Build.0 = Release|Any CPU
	EndGlobalSection
	GlobalSection(SolutionProperties) = preSolution
		HideSolutionNode = FALSE
	EndGlobalSection
	GlobalSection(ExtensibilityGlobals) = postSolution
		SolutionGuid = {9383D78D-DFE8-4735-80C8-1E43F9751F78}
	EndGlobalSection
EndGlobal
